
Microsoft Visual Studio Solution File, Format Version 12.00
# Visual Studio Version 17
VisualStudioVersion = 17.9.34607.119
MinimumVisualStudioVersion = 10.0.40219.1
Project("{C9674DCB-5085-4A16-B785-4C70DD1589BD}") = "Laboratorio3", "Laboratorio3\Laboratorio3.dtproj", "{A49FA2A0-521F-4879-BC08-FADCACF8FB5C}"
EndProject
Global
	GlobalSection(SolutionConfigurationPlatforms) = preSolution
		Development|Default = Development|Default
	EndGlobalSection
	GlobalSection(ProjectConfigurationPlatforms) = postSolution
		{A49FA2A0-521F-4879-BC08-FADCACF8FB5C}.Development|Default.ActiveCfg = Development
		{A49FA2A0-521F-4879-BC08-FADCACF8FB5C}.Development|Default.Build.0 = Development
	EndGlobalSection
	GlobalSection(SolutionProperties) = preSolution
		HideSolutionNode = FALSE
	EndGlobalSection
	GlobalSection(ExtensibilityGlobals) = postSolution
		SolutionGuid = {7DA8FFA7-F5BB-4035-B863-8927F7FEC2DF}
	EndGlobalSection
EndGlobal
